PODS:
  - FMLayoutKit (1.0.0)
  - Masonry (1.1.0)

DEPENDENCIES:
  - FMLayoutKit (from `../`)
  - Masonry

SPEC REPOS:
  trunk:
    - Masonry

EXTERNAL SOURCES:
  FMLayoutKit:
    :path: "../"

SPEC CHECKSUMS:
  FMLayoutKit: a1a31da0553b5ba4495248f6d358f0bdef35fa42
  Masonry: 678fab65091a9290e40e2832a55e7ab731aad201

PODFILE CHECKSUM: 473644c3c9d50e7e58f390f6ac2779d3691a1772

COCOAPODS: 1.9.2
