PODS:
  - FMCollectionLayout (0.1.0)
  - Masonry (1.1.0)

DEPENDENCIES:
  - FMCollectionLayout (from `../`)
  - Masonry

SPEC REPOS:
  trunk:
    - Masonry

EXTERNAL SOURCES:
  FMCollectionLayout:
    :path: "../"

SPEC CHECKSUMS:
  FMCollectionLayout: d537fd2c639352a98ede116c1495878ec090f07b
  Masonry: 678fab65091a9290e40e2832a55e7ab731aad201

PODFILE CHECKSUM: e6251340f70c5b0e1a0c896d963b4444e73970c1

COCOAPODS: 1.9.0
