// !$*UTF8*$!
{
	archiveVersion = 1;
	classes = {
	};
	objectVersion = 46;
	objects = {

/* Begin PBXBuildFile section */
		3BFF6A316B994187A788CFD9 /* Pods_FMLayoutKit_Tests.framework in Frameworks */ = {isa = PBXBuildFile; fileRef = 05923D8C8C630E1B426CA144 /* Pods_FMLayoutKit_Tests.framework */; };
		6003F58E195388D20070C39A /* Foundation.framework in Frameworks */ = {isa = PBXBuildFile; fileRef = 6003F58D195388D20070C39A /* Foundation.framework */; };
		6003F590195388D20070C39A /* CoreGraphics.framework in Frameworks */ = {isa = PBXBuildFile; fileRef = 6003F58F195388D20070C39A /* CoreGraphics.framework */; };
		6003F592195388D20070C39A /* UIKit.framework in Frameworks */ = {isa = PBXBuildFile; fileRef = 6003F591195388D20070C39A /* UIKit.framework */; };
		6003F598195388D20070C39A /* InfoPlist.strings in Resources */ = {isa = PBXBuildFile; fileRef = 6003F596195388D20070C39A /* InfoPlist.strings */; };
		6003F59A195388D20070C39A /* main.m in Sources */ = {isa = PBXBuildFile; fileRef = 6003F599195388D20070C39A /* main.m */; };
		6003F59E195388D20070C39A /* FMAppDelegate.m in Sources */ = {isa = PBXBuildFile; fileRef = 6003F59D195388D20070C39A /* FMAppDelegate.m */; };
		6003F5A7195388D20070C39A /* FMViewController.m in Sources */ = {isa = PBXBuildFile; fileRef = 6003F5A6195388D20070C39A /* FMViewController.m */; };
		6003F5A9195388D20070C39A /* Images.xcassets in Resources */ = {isa = PBXBuildFile; fileRef = 6003F5A8195388D20070C39A /* Images.xcassets */; };
		6003F5B0195388D20070C39A /* XCTest.framework in Frameworks */ = {isa = PBXBuildFile; fileRef = 6003F5AF195388D20070C39A /* XCTest.framework */; };
		6003F5B1195388D20070C39A /* Foundation.framework in Frameworks */ = {isa = PBXBuildFile; fileRef = 6003F58D195388D20070C39A /* Foundation.framework */; };
		6003F5B2195388D20070C39A /* UIKit.framework in Frameworks */ = {isa = PBXBuildFile; fileRef = 6003F591195388D20070C39A /* UIKit.framework */; };
		6003F5BA195388D20070C39A /* InfoPlist.strings in Resources */ = {isa = PBXBuildFile; fileRef = 6003F5B8195388D20070C39A /* InfoPlist.strings */; };
		6003F5BC195388D20070C39A /* Tests.m in Sources */ = {isa = PBXBuildFile; fileRef = 6003F5BB195388D20070C39A /* Tests.m */; };
		71719F9F1E33DC2100824A3D /* LaunchScreen.storyboard in Resources */ = {isa = PBXBuildFile; fileRef = 71719F9D1E33DC2100824A3D /* LaunchScreen.storyboard */; };
		873B8AEB1B1F5CCA007FD442 /* Main.storyboard in Resources */ = {isa = PBXBuildFile; fileRef = 873B8AEA1B1F5CCA007FD442 /* Main.storyboard */; };
		ADA669444312E818D0F6D99C /* Pods_FMLayoutKit_Example.framework in Frameworks */ = {isa = PBXBuildFile; fileRef = 3E1FF4A9BE374E5DE19B3342 /* Pods_FMLayoutKit_Example.framework */; };
		C34E984F2497A9ED00E8EC44 /* FMCollectionViewCell.m in Sources */ = {isa = PBXBuildFile; fileRef = C34E984D2497A9ED00E8EC44 /* FMCollectionViewCell.m */; };
		C34E98502497A9ED00E8EC44 /* FMCollectionViewCell.xib in Resources */ = {isa = PBXBuildFile; fileRef = C34E984E2497A9ED00E8EC44 /* FMCollectionViewCell.xib */; };
		C34E98532497ABE600E8EC44 /* FMHorizontalLayoutController.m in Sources */ = {isa = PBXBuildFile; fileRef = C34E98522497ABE600E8EC44 /* FMHorizontalLayoutController.m */; };
		C385261024AC6AAE00386DBB /* FMFPSLabel.m in Sources */ = {isa = PBXBuildFile; fileRef = C385260F24AC6AAE00386DBB /* FMFPSLabel.m */; };
		C3973877248F705000A7A2C2 /* FMCollectionCustomDecoration.m in Sources */ = {isa = PBXBuildFile; fileRef = C3973867248F704E00A7A2C2 /* FMCollectionCustomDecoration.m */; };
		C3973878248F705000A7A2C2 /* FMCollViewController.m in Sources */ = {isa = PBXBuildFile; fileRef = C397386F248F704F00A7A2C2 /* FMCollViewController.m */; };
		C3973879248F705000A7A2C2 /* FMAddViewController.m in Sources */ = {isa = PBXBuildFile; fileRef = C3973870248F704F00A7A2C2 /* FMAddViewController.m */; };
		C397387A248F705000A7A2C2 /* FMCollectionNavTitleView.m in Sources */ = {isa = PBXBuildFile; fileRef = C3973871248F704F00A7A2C2 /* FMCollectionNavTitleView.m */; };
		C397387B248F705000A7A2C2 /* FMExcuteTimeTool.m in Sources */ = {isa = PBXBuildFile; fileRef = C3973872248F704F00A7A2C2 /* FMExcuteTimeTool.m */; };
		C397387C248F705000A7A2C2 /* FMCollectionCustomCell.m in Sources */ = {isa = PBXBuildFile; fileRef = C3973873248F704F00A7A2C2 /* FMCollectionCustomCell.m */; };
		C397387D248F705000A7A2C2 /* FMLayoutLabel.m in Sources */ = {isa = PBXBuildFile; fileRef = C3973874248F705000A7A2C2 /* FMLayoutLabel.m */; };
		C397387E248F705000A7A2C2 /* LS_HomeActivityCell.m in Sources */ = {isa = PBXBuildFile; fileRef = C3973875248F705000A7A2C2 /* LS_HomeActivityCell.m */; };
		C399E9A324AEC11D00353B76 /* FMAotuSizeReusableView.m in Sources */ = {isa = PBXBuildFile; fileRef = C399E9A224AEC11D00353B76 /* FMAotuSizeReusableView.m */; };
/* End PBXBuildFile section */

/* Begin PBXContainerItemProxy section */
		6003F5B3195388D20070C39A /* PBXContainerItemProxy */ = {
			isa = PBXContainerItemProxy;
			containerPortal = 6003F582195388D10070C39A /* Project object */;
			proxyType = 1;
			remoteGlobalIDString = 6003F589195388D20070C39A;
			remoteInfo = FMLayoutKit;
		};
/* End PBXContainerItemProxy section */

/* Begin PBXFileReference section */
		04E8703A16484F3E1A933C88 /* FMLayoutKit.podspec */ = {isa = PBXFileReference; includeInIndex = 1; lastKnownFileType = text; name = FMLayoutKit.podspec; path = ../FMLayoutKit.podspec; sourceTree = "<group>"; xcLanguageSpecificationIdentifier = xcode.lang.ruby; };
		05923D8C8C630E1B426CA144 /* Pods_FMLayoutKit_Tests.framework */ = {isa = PBXFileReference; explicitFileType = wrapper.framework; includeInIndex = 0; path = Pods_FMLayoutKit_Tests.framework; sourceTree = BUILT_PRODUCTS_DIR; };
		0C1C4C8575B73D703C9D0B5D /* Pods-FMLayoutKit_Example.debug.xcconfig */ = {isa = PBXFileReference; includeInIndex = 1; lastKnownFileType = text.xcconfig; name = "Pods-FMLayoutKit_Example.debug.xcconfig"; path = "Target Support Files/Pods-FMLayoutKit_Example/Pods-FMLayoutKit_Example.debug.xcconfig"; sourceTree = "<group>"; };
		17F812EE8B554502C8DA01FA /* Pods-FMLayoutKit_Example.release.xcconfig */ = {isa = PBXFileReference; includeInIndex = 1; lastKnownFileType = text.xcconfig; name = "Pods-FMLayoutKit_Example.release.xcconfig"; path = "Target Support Files/Pods-FMLayoutKit_Example/Pods-FMLayoutKit_Example.release.xcconfig"; sourceTree = "<group>"; };
		26DEFFE1DA7457947895DDDC /* README.md */ = {isa = PBXFileReference; includeInIndex = 1; lastKnownFileType = net.daringfireball.markdown; name = README.md; path = ../README.md; sourceTree = "<group>"; };
		2A07CACD9869F5819B6A0803 /* LICENSE */ = {isa = PBXFileReference; includeInIndex = 1; lastKnownFileType = text; name = LICENSE; path = ../LICENSE; sourceTree = "<group>"; };
		3E1FF4A9BE374E5DE19B3342 /* Pods_FMLayoutKit_Example.framework */ = {isa = PBXFileReference; explicitFileType = wrapper.framework; includeInIndex = 0; path = Pods_FMLayoutKit_Example.framework; sourceTree = BUILT_PRODUCTS_DIR; };
		4ECA8A4093CF864F4FA6C5CA /* Pods-FMLayoutKit_Tests.debug.xcconfig */ = {isa = PBXFileReference; includeInIndex = 1; lastKnownFileType = text.xcconfig; name = "Pods-FMLayoutKit_Tests.debug.xcconfig"; path = "Target Support Files/Pods-FMLayoutKit_Tests/Pods-FMLayoutKit_Tests.debug.xcconfig"; sourceTree = "<group>"; };
		6003F58A195388D20070C39A /* FMLayoutKit.app */ = {isa = PBXFileReference; explicitFileType = wrapper.application; includeInIndex = 0; path = FMLayoutKit.app; sourceTree = BUILT_PRODUCTS_DIR; };
		6003F58D195388D20070C39A /* Foundation.framework */ = {isa = PBXFileReference; lastKnownFileType = wrapper.framework; name = Foundation.framework; path = System/Library/Frameworks/Foundation.framework; sourceTree = SDKROOT; };
		6003F58F195388D20070C39A /* CoreGraphics.framework */ = {isa = PBXFileReference; lastKnownFileType = wrapper.framework; name = CoreGraphics.framework; path = System/Library/Frameworks/CoreGraphics.framework; sourceTree = SDKROOT; };
		6003F591195388D20070C39A /* UIKit.framework */ = {isa = PBXFileReference; lastKnownFileType = wrapper.framework; name = UIKit.framework; path = System/Library/Frameworks/UIKit.framework; sourceTree = SDKROOT; };
		6003F595195388D20070C39A /* FMLayoutKit-Info.plist */ = {isa = PBXFileReference; lastKnownFileType = text.plist.xml; path = "FMLayoutKit-Info.plist"; sourceTree = "<group>"; };
		6003F597195388D20070C39A /* en */ = {isa = PBXFileReference; lastKnownFileType = text.plist.strings; name = en; path = en.lproj/InfoPlist.strings; sourceTree = "<group>"; };
		6003F599195388D20070C39A /* main.m */ = {isa = PBXFileReference; lastKnownFileType = sourcecode.c.objc; path = main.m; sourceTree = "<group>"; };
		6003F59B195388D20070C39A /* FMLayoutKit-Prefix.pch */ = {isa = PBXFileReference; lastKnownFileType = sourcecode.c.h; path = "FMLayoutKit-Prefix.pch"; sourceTree = "<group>"; };
		6003F59C195388D20070C39A /* FMAppDelegate.h */ = {isa = PBXFileReference; lastKnownFileType = sourcecode.c.h; path = FMAppDelegate.h; sourceTree = "<group>"; };
		6003F59D195388D20070C39A /* FMAppDelegate.m */ = {isa = PBXFileReference; lastKnownFileType = sourcecode.c.objc; path = FMAppDelegate.m; sourceTree = "<group>"; };
		6003F5A5195388D20070C39A /* FMViewController.h */ = {isa = PBXFileReference; lastKnownFileType = sourcecode.c.h; path = FMViewController.h; sourceTree = "<group>"; };
		6003F5A6195388D20070C39A /* FMViewController.m */ = {isa = PBXFileReference; lastKnownFileType = sourcecode.c.objc; path = FMViewController.m; sourceTree = "<group>"; };
		6003F5A8195388D20070C39A /* Images.xcassets */ = {isa = PBXFileReference; lastKnownFileType = folder.assetcatalog; path = Images.xcassets; sourceTree = "<group>"; };
		6003F5AE195388D20070C39A /* FMLayoutKit_Tests.xctest */ = {isa = PBXFileReference; explicitFileType = wrapper.cfbundle; includeInIndex = 0; path = FMLayoutKit_Tests.xctest; sourceTree = BUILT_PRODUCTS_DIR; };
		6003F5AF195388D20070C39A /* XCTest.framework */ = {isa = PBXFileReference; lastKnownFileType = wrapper.framework; name = XCTest.framework; path = Library/Frameworks/XCTest.framework; sourceTree = DEVELOPER_DIR; };
		6003F5B7195388D20070C39A /* Tests-Info.plist */ = {isa = PBXFileReference; lastKnownFileType = text.plist.xml; path = "Tests-Info.plist"; sourceTree = "<group>"; };
		6003F5B9195388D20070C39A /* en */ = {isa = PBXFileReference; lastKnownFileType = text.plist.strings; name = en; path = en.lproj/InfoPlist.strings; sourceTree = "<group>"; };
		6003F5BB195388D20070C39A /* Tests.m */ = {isa = PBXFileReference; lastKnownFileType = sourcecode.c.objc; path = Tests.m; sourceTree = "<group>"; };
		606FC2411953D9B200FFA9A0 /* Tests-Prefix.pch */ = {isa = PBXFileReference; lastKnownFileType = sourcecode.c.h; path = "Tests-Prefix.pch"; sourceTree = "<group>"; };
		71719F9E1E33DC2100824A3D /* Base */ = {isa = PBXFileReference; lastKnownFileType = file.storyboard; name = Base; path = Base.lproj/LaunchScreen.storyboard; sourceTree = "<group>"; };
		873B8AEA1B1F5CCA007FD442 /* Main.storyboard */ = {isa = PBXFileReference; fileEncoding = 4; lastKnownFileType = file.storyboard; name = Main.storyboard; path = Base.lproj/Main.storyboard; sourceTree = "<group>"; };
		A8EFB03ECBAF6C997935840C /* Pods-FMLayoutKit_Tests.release.xcconfig */ = {isa = PBXFileReference; includeInIndex = 1; lastKnownFileType = text.xcconfig; name = "Pods-FMLayoutKit_Tests.release.xcconfig"; path = "Target Support Files/Pods-FMLayoutKit_Tests/Pods-FMLayoutKit_Tests.release.xcconfig"; sourceTree = "<group>"; };
		C34E984C2497A9ED00E8EC44 /* FMCollectionViewCell.h */ = {isa = PBXFileReference; lastKnownFileType = sourcecode.c.h; path = FMCollectionViewCell.h; sourceTree = "<group>"; };
		C34E984D2497A9ED00E8EC44 /* FMCollectionViewCell.m */ = {isa = PBXFileReference; lastKnownFileType = sourcecode.c.objc; path = FMCollectionViewCell.m; sourceTree = "<group>"; };
		C34E984E2497A9ED00E8EC44 /* FMCollectionViewCell.xib */ = {isa = PBXFileReference; lastKnownFileType = file.xib; path = FMCollectionViewCell.xib; sourceTree = "<group>"; };
		C34E98512497ABE600E8EC44 /* FMHorizontalLayoutController.h */ = {isa = PBXFileReference; lastKnownFileType = sourcecode.c.h; path = FMHorizontalLayoutController.h; sourceTree = "<group>"; };
		C34E98522497ABE600E8EC44 /* FMHorizontalLayoutController.m */ = {isa = PBXFileReference; lastKnownFileType = sourcecode.c.objc; path = FMHorizontalLayoutController.m; sourceTree = "<group>"; };
		C385260E24AC6AAE00386DBB /* FMFPSLabel.h */ = {isa = PBXFileReference; lastKnownFileType = sourcecode.c.h; path = FMFPSLabel.h; sourceTree = "<group>"; };
		C385260F24AC6AAE00386DBB /* FMFPSLabel.m */ = {isa = PBXFileReference; lastKnownFileType = sourcecode.c.objc; path = FMFPSLabel.m; sourceTree = "<group>"; };
		C3973867248F704E00A7A2C2 /* FMCollectionCustomDecoration.m */ = {isa = PBXFileReference; fileEncoding = 4; lastKnownFileType = sourcecode.c.objc; path = FMCollectionCustomDecoration.m; sourceTree = "<group>"; };
		C3973868248F704F00A7A2C2 /* FMCollectionNavTitleView.h */ = {isa = PBXFileReference; fileEncoding = 4; lastKnownFileType = sourcecode.c.h; path = FMCollectionNavTitleView.h; sourceTree = "<group>"; };
		C3973869248F704F00A7A2C2 /* FMCollectionCustomCell.h */ = {isa = PBXFileReference; fileEncoding = 4; lastKnownFileType = sourcecode.c.h; path = FMCollectionCustomCell.h; sourceTree = "<group>"; };
		C397386A248F704F00A7A2C2 /* FMAddViewController.h */ = {isa = PBXFileReference; fileEncoding = 4; lastKnownFileType = sourcecode.c.h; path = FMAddViewController.h; sourceTree = "<group>"; };
		C397386B248F704F00A7A2C2 /* FMExcuteTimeTool.h */ = {isa = PBXFileReference; fileEncoding = 4; lastKnownFileType = sourcecode.c.h; path = FMExcuteTimeTool.h; sourceTree = "<group>"; };
		C397386C248F704F00A7A2C2 /* FMLayoutLabel.h */ = {isa = PBXFileReference; fileEncoding = 4; lastKnownFileType = sourcecode.c.h; path = FMLayoutLabel.h; sourceTree = "<group>"; };
		C397386D248F704F00A7A2C2 /* LS_HomeActivityCell.h */ = {isa = PBXFileReference; fileEncoding = 4; lastKnownFileType = sourcecode.c.h; path = LS_HomeActivityCell.h; sourceTree = "<group>"; };
		C397386E248F704F00A7A2C2 /* FMCollViewController.h */ = {isa = PBXFileReference; fileEncoding = 4; lastKnownFileType = sourcecode.c.h; path = FMCollViewController.h; sourceTree = "<group>"; };
		C397386F248F704F00A7A2C2 /* FMCollViewController.m */ = {isa = PBXFileReference; fileEncoding = 4; lastKnownFileType = sourcecode.c.objc; path = FMCollViewController.m; sourceTree = "<group>"; };
		C3973870248F704F00A7A2C2 /* FMAddViewController.m */ = {isa = PBXFileReference; fileEncoding = 4; lastKnownFileType = sourcecode.c.objc; path = FMAddViewController.m; sourceTree = "<group>"; };
		C3973871248F704F00A7A2C2 /* FMCollectionNavTitleView.m */ = {isa = PBXFileReference; fileEncoding = 4; lastKnownFileType = sourcecode.c.objc; path = FMCollectionNavTitleView.m; sourceTree = "<group>"; };
		C3973872248F704F00A7A2C2 /* FMExcuteTimeTool.m */ = {isa = PBXFileReference; fileEncoding = 4; lastKnownFileType = sourcecode.c.objc; path = FMExcuteTimeTool.m; sourceTree = "<group>"; };
		C3973873248F704F00A7A2C2 /* FMCollectionCustomCell.m */ = {isa = PBXFileReference; fileEncoding = 4; lastKnownFileType = sourcecode.c.objc; path = FMCollectionCustomCell.m; sourceTree = "<group>"; };
		C3973874248F705000A7A2C2 /* FMLayoutLabel.m */ = {isa = PBXFileReference; fileEncoding = 4; lastKnownFileType = sourcecode.c.objc; path = FMLayoutLabel.m; sourceTree = "<group>"; };
		C3973875248F705000A7A2C2 /* LS_HomeActivityCell.m */ = {isa = PBXFileReference; fileEncoding = 4; lastKnownFileType = sourcecode.c.objc; path = LS_HomeActivityCell.m; sourceTree = "<group>"; };
		C3973876248F705000A7A2C2 /* FMCollectionCustomDecoration.h */ = {isa = PBXFileReference; fileEncoding = 4; lastKnownFileType = sourcecode.c.h; path = FMCollectionCustomDecoration.h; sourceTree = "<group>"; };
		C399E9A124AEC11D00353B76 /* FMAotuSizeReusableView.h */ = {isa = PBXFileReference; lastKnownFileType = sourcecode.c.h; path = FMAotuSizeReusableView.h; sourceTree = "<group>"; };
		C399E9A224AEC11D00353B76 /* FMAotuSizeReusableView.m */ = {isa = PBXFileReference; lastKnownFileType = sourcecode.c.objc; path = FMAotuSizeReusableView.m; sourceTree = "<group>"; };
/* End PBXFileReference section */

/* Begin PBXFrameworksBuildPhase section */
		6003F587195388D20070C39A /* Frameworks */ = {
			isa = PBXFrameworksBuildPhase;
			buildActionMask = 2147483647;
			files = (
				6003F590195388D20070C39A /* CoreGraphics.framework in Frameworks */,
				6003F592195388D20070C39A /* UIKit.framework in Frameworks */,
				6003F58E195388D20070C39A /* Foundation.framework in Frameworks */,
				ADA669444312E818D0F6D99C /* Pods_FMLayoutKit_Example.framework in Frameworks */,
			);
			runOnlyForDeploymentPostprocessing = 0;
		};
		6003F5AB195388D20070C39A /* Frameworks */ = {
			isa = PBXFrameworksBuildPhase;
			buildActionMask = 2147483647;
			files = (
				6003F5B0195388D20070C39A /* XCTest.framework in Frameworks */,
				6003F5B2195388D20070C39A /* UIKit.framework in Frameworks */,
				6003F5B1195388D20070C39A /* Foundation.framework in Frameworks */,
				3BFF6A316B994187A788CFD9 /* Pods_FMLayoutKit_Tests.framework in Frameworks */,
			);
			runOnlyForDeploymentPostprocessing = 0;
		};
/* End PBXFrameworksBuildPhase section */

/* Begin PBXGroup section */
		6003F581195388D10070C39A = {
			isa = PBXGroup;
			children = (
				60FF7A9C1954A5C5007DD14C /* Podspec Metadata */,
				6003F593195388D20070C39A /* Example for FMLayoutKit */,
				6003F5B5195388D20070C39A /* Tests */,
				6003F58C195388D20070C39A /* Frameworks */,
				6003F58B195388D20070C39A /* Products */,
				700796DF9A3CFC35B3E6E2B9 /* Pods */,
			);
			sourceTree = "<group>";
		};
		6003F58B195388D20070C39A /* Products */ = {
			isa = PBXGroup;
			children = (
				6003F58A195388D20070C39A /* FMLayoutKit.app */,
				6003F5AE195388D20070C39A /* FMLayoutKit_Tests.xctest */,
			);
			name = Products;
			sourceTree = "<group>";
		};
		6003F58C195388D20070C39A /* Frameworks */ = {
			isa = PBXGroup;
			children = (
				6003F58D195388D20070C39A /* Foundation.framework */,
				6003F58F195388D20070C39A /* CoreGraphics.framework */,
				6003F591195388D20070C39A /* UIKit.framework */,
				6003F5AF195388D20070C39A /* XCTest.framework */,
				3E1FF4A9BE374E5DE19B3342 /* Pods_FMLayoutKit_Example.framework */,
				05923D8C8C630E1B426CA144 /* Pods_FMLayoutKit_Tests.framework */,
			);
			name = Frameworks;
			sourceTree = "<group>";
		};
		6003F593195388D20070C39A /* Example for FMLayoutKit */ = {
			isa = PBXGroup;
			children = (
				6003F59C195388D20070C39A /* FMAppDelegate.h */,
				6003F59D195388D20070C39A /* FMAppDelegate.m */,
				873B8AEA1B1F5CCA007FD442 /* Main.storyboard */,
				6003F5A5195388D20070C39A /* FMViewController.h */,
				6003F5A6195388D20070C39A /* FMViewController.m */,
				C397386A248F704F00A7A2C2 /* FMAddViewController.h */,
				C3973870248F704F00A7A2C2 /* FMAddViewController.m */,
				C34E98512497ABE600E8EC44 /* FMHorizontalLayoutController.h */,
				C34E98522497ABE600E8EC44 /* FMHorizontalLayoutController.m */,
				C3973869248F704F00A7A2C2 /* FMCollectionCustomCell.h */,
				C3973873248F704F00A7A2C2 /* FMCollectionCustomCell.m */,
				C3973876248F705000A7A2C2 /* FMCollectionCustomDecoration.h */,
				C3973867248F704E00A7A2C2 /* FMCollectionCustomDecoration.m */,
				C3973868248F704F00A7A2C2 /* FMCollectionNavTitleView.h */,
				C3973871248F704F00A7A2C2 /* FMCollectionNavTitleView.m */,
				C397386E248F704F00A7A2C2 /* FMCollViewController.h */,
				C397386F248F704F00A7A2C2 /* FMCollViewController.m */,
				C397386B248F704F00A7A2C2 /* FMExcuteTimeTool.h */,
				C3973872248F704F00A7A2C2 /* FMExcuteTimeTool.m */,
				C397386C248F704F00A7A2C2 /* FMLayoutLabel.h */,
				C3973874248F705000A7A2C2 /* FMLayoutLabel.m */,
				C385260E24AC6AAE00386DBB /* FMFPSLabel.h */,
				C385260F24AC6AAE00386DBB /* FMFPSLabel.m */,
				C397386D248F704F00A7A2C2 /* LS_HomeActivityCell.h */,
				C3973875248F705000A7A2C2 /* LS_HomeActivityCell.m */,
				C399E9A124AEC11D00353B76 /* FMAotuSizeReusableView.h */,
				C399E9A224AEC11D00353B76 /* FMAotuSizeReusableView.m */,
				C34E984C2497A9ED00E8EC44 /* FMCollectionViewCell.h */,
				C34E984D2497A9ED00E8EC44 /* FMCollectionViewCell.m */,
				C34E984E2497A9ED00E8EC44 /* FMCollectionViewCell.xib */,
				71719F9D1E33DC2100824A3D /* LaunchScreen.storyboard */,
				6003F5A8195388D20070C39A /* Images.xcassets */,
				6003F594195388D20070C39A /* Supporting Files */,
			);
			name = "Example for FMLayoutKit";
			path = FMLayoutKit;
			sourceTree = "<group>";
		};
		6003F594195388D20070C39A /* Supporting Files */ = {
			isa = PBXGroup;
			children = (
				6003F595195388D20070C39A /* FMLayoutKit-Info.plist */,
				6003F596195388D20070C39A /* InfoPlist.strings */,
				6003F599195388D20070C39A /* main.m */,
				6003F59B195388D20070C39A /* FMLayoutKit-Prefix.pch */,
			);
			name = "Supporting Files";
			sourceTree = "<group>";
		};
		6003F5B5195388D20070C39A /* Tests */ = {
			isa = PBXGroup;
			children = (
				6003F5BB195388D20070C39A /* Tests.m */,
				6003F5B6195388D20070C39A /* Supporting Files */,
			);
			path = Tests;
			sourceTree = "<group>";
		};
		6003F5B6195388D20070C39A /* Supporting Files */ = {
			isa = PBXGroup;
			children = (
				6003F5B7195388D20070C39A /* Tests-Info.plist */,
				6003F5B8195388D20070C39A /* InfoPlist.strings */,
				606FC2411953D9B200FFA9A0 /* Tests-Prefix.pch */,
			);
			name = "Supporting Files";
			sourceTree = "<group>";
		};
		60FF7A9C1954A5C5007DD14C /* Podspec Metadata */ = {
			isa = PBXGroup;
			children = (
				04E8703A16484F3E1A933C88 /* FMLayoutKit.podspec */,
				26DEFFE1DA7457947895DDDC /* README.md */,
				2A07CACD9869F5819B6A0803 /* LICENSE */,
			);
			name = "Podspec Metadata";
			sourceTree = "<group>";
		};
		700796DF9A3CFC35B3E6E2B9 /* Pods */ = {
			isa = PBXGroup;
			children = (
				0C1C4C8575B73D703C9D0B5D /* Pods-FMLayoutKit_Example.debug.xcconfig */,
				17F812EE8B554502C8DA01FA /* Pods-FMLayoutKit_Example.release.xcconfig */,
				4ECA8A4093CF864F4FA6C5CA /* Pods-FMLayoutKit_Tests.debug.xcconfig */,
				A8EFB03ECBAF6C997935840C /* Pods-FMLayoutKit_Tests.release.xcconfig */,
			);
			path = Pods;
			sourceTree = "<group>";
		};
/* End PBXGroup section */

/* Begin PBXNativeTarget section */
		6003F589195388D20070C39A /* FMLayoutKit_Example */ = {
			isa = PBXNativeTarget;
			buildConfigurationList = 6003F5BF195388D20070C39A /* Build configuration list for PBXNativeTarget "FMLayoutKit_Example" */;
			buildPhases = (
				F6034618A8944DCB8BA13160 /* [CP] Check Pods Manifest.lock */,
				6003F586195388D20070C39A /* Sources */,
				6003F587195388D20070C39A /* Frameworks */,
				6003F588195388D20070C39A /* Resources */,
				873C41F871FCACDC54DB3051 /* [CP] Embed Pods Frameworks */,
			);
			buildRules = (
			);
			dependencies = (
			);
			name = FMLayoutKit_Example;
			productName = FMLayoutKit;
			productReference = 6003F58A195388D20070C39A /* FMLayoutKit.app */;
			productType = "com.apple.product-type.application";
		};
		6003F5AD195388D20070C39A /* FMLayoutKit_Tests */ = {
			isa = PBXNativeTarget;
			buildConfigurationList = 6003F5C2195388D20070C39A /* Build configuration list for PBXNativeTarget "FMLayoutKit_Tests" */;
			buildPhases = (
				70D615FDCB17048872CB0778 /* [CP] Check Pods Manifest.lock */,
				6003F5AA195388D20070C39A /* Sources */,
				6003F5AB195388D20070C39A /* Frameworks */,
				6003F5AC195388D20070C39A /* Resources */,
			);
			buildRules = (
			);
			dependencies = (
				6003F5B4195388D20070C39A /* PBXTargetDependency */,
			);
			name = FMLayoutKit_Tests;
			productName = FMLayoutKitTests;
			productReference = 6003F5AE195388D20070C39A /* FMLayoutKit_Tests.xctest */;
			productType = "com.apple.product-type.bundle.unit-test";
		};
/* End PBXNativeTarget section */

/* Begin PBXProject section */
		6003F582195388D10070C39A /* Project object */ = {
			isa = PBXProject;
			attributes = {
				CLASSPREFIX = FM;
				LastUpgradeCheck = 0720;
				ORGANIZATIONNAME = "zhoufaming251@163.com";
				TargetAttributes = {
					6003F589195388D20070C39A = {
						DevelopmentTeam = T82JQ7P486;
					};
					6003F5AD195388D20070C39A = {
						TestTargetID = 6003F589195388D20070C39A;
					};
				};
			};
			buildConfigurationList = 6003F585195388D10070C39A /* Build configuration list for PBXProject "FMLayoutKit" */;
			compatibilityVersion = "Xcode 3.2";
			developmentRegion = English;
			hasScannedForEncodings = 0;
			knownRegions = (
				English,
				en,
				Base,
			);
			mainGroup = 6003F581195388D10070C39A;
			productRefGroup = 6003F58B195388D20070C39A /* Products */;
			projectDirPath = "";
			projectRoot = "";
			targets = (
				6003F589195388D20070C39A /* FMLayoutKit_Example */,
				6003F5AD195388D20070C39A /* FMLayoutKit_Tests */,
			);
		};
/* End PBXProject section */

/* Begin PBXResourcesBuildPhase section */
		6003F588195388D20070C39A /* Resources */ = {
			isa = PBXResourcesBuildPhase;
			buildActionMask = 2147483647;
			files = (
				873B8AEB1B1F5CCA007FD442 /* Main.storyboard in Resources */,
				71719F9F1E33DC2100824A3D /* LaunchScreen.storyboard in Resources */,
				6003F5A9195388D20070C39A /* Images.xcassets in Resources */,
				C34E98502497A9ED00E8EC44 /* FMCollectionViewCell.xib in Resources */,
				6003F598195388D20070C39A /* InfoPlist.strings in Resources */,
			);
			runOnlyForDeploymentPostprocessing = 0;
		};
		6003F5AC195388D20070C39A /* Resources */ = {
			isa = PBXResourcesBuildPhase;
			buildActionMask = 2147483647;
			files = (
				6003F5BA195388D20070C39A /* InfoPlist.strings in Resources */,
			);
			runOnlyForDeploymentPostprocessing = 0;
		};
/* End PBXResourcesBuildPhase section */

/* Begin PBXShellScriptBuildPhase section */
		70D615FDCB17048872CB0778 /* [CP] Check Pods Manifest.lock */ = {
			isa = PBXShellScriptBuildPhase;
			buildActionMask = 2147483647;
			files = (
			);
			inputFileListPaths = (
			);
			inputPaths = (
				"${PODS_PODFILE_DIR_PATH}/Podfile.lock",
				"${PODS_ROOT}/Manifest.lock",
			);
			name = "[CP] Check Pods Manifest.lock";
			outputFileListPaths = (
			);
			outputPaths = (
				"$(DERIVED_FILE_DIR)/Pods-FMLayoutKit_Tests-checkManifestLockResult.txt",
			);
			runOnlyForDeploymentPostprocessing = 0;
			shellPath = /bin/sh;
			shellScript = "diff \"${PODS_PODFILE_DIR_PATH}/Podfile.lock\" \"${PODS_ROOT}/Manifest.lock\" > /dev/null\nif [ $? != 0 ] ; then\n    # print error to STDERR\n    echo \"error: The sandbox is not in sync with the Podfile.lock. Run 'pod install' or update your CocoaPods installation.\" >&2\n    exit 1\nfi\n# This output is used by Xcode 'outputs' to avoid re-running this script phase.\necho \"SUCCESS\" > \"${SCRIPT_OUTPUT_FILE_0}\"\n";
			showEnvVarsInLog = 0;
		};
		873C41F871FCACDC54DB3051 /* [CP] Embed Pods Frameworks */ = {
			isa = PBXShellScriptBuildPhase;
			buildActionMask = 2147483647;
			files = (
			);
			inputPaths = (
				"${PODS_ROOT}/Target Support Files/Pods-FMLayoutKit_Example/Pods-FMLayoutKit_Example-frameworks.sh",
				"${BUILT_PRODUCTS_DIR}/FMLayoutKit/FMLayoutKit.framework",
				"${BUILT_PRODUCTS_DIR}/Masonry/Masonry.framework",
			);
			name = "[CP] Embed Pods Frameworks";
			outputPaths = (
				"${TARGET_BUILD_DIR}/${FRAMEWORKS_FOLDER_PATH}/FMLayoutKit.framework",
				"${TARGET_BUILD_DIR}/${FRAMEWORKS_FOLDER_PATH}/Masonry.framework",
			);
			runOnlyForDeploymentPostprocessing = 0;
			shellPath = /bin/sh;
			shellScript = "\"${PODS_ROOT}/Target Support Files/Pods-FMLayoutKit_Example/Pods-FMLayoutKit_Example-frameworks.sh\"\n";
			showEnvVarsInLog = 0;
		};
		F6034618A8944DCB8BA13160 /* [CP] Check Pods Manifest.lock */ = {
			isa = PBXShellScriptBuildPhase;
			buildActionMask = 2147483647;
			files = (
			);
			inputFileListPaths = (
			);
			inputPaths = (
				"${PODS_PODFILE_DIR_PATH}/Podfile.lock",
				"${PODS_ROOT}/Manifest.lock",
			);
			name = "[CP] Check Pods Manifest.lock";
			outputFileListPaths = (
			);
			outputPaths = (
				"$(DERIVED_FILE_DIR)/Pods-FMLayoutKit_Example-checkManifestLockResult.txt",
			);
			runOnlyForDeploymentPostprocessing = 0;
			shellPath = /bin/sh;
			shellScript = "diff \"${PODS_PODFILE_DIR_PATH}/Podfile.lock\" \"${PODS_ROOT}/Manifest.lock\" > /dev/null\nif [ $? != 0 ] ; then\n    # print error to STDERR\n    echo \"error: The sandbox is not in sync with the Podfile.lock. Run 'pod install' or update your CocoaPods installation.\" >&2\n    exit 1\nfi\n# This output is used by Xcode 'outputs' to avoid re-running this script phase.\necho \"SUCCESS\" > \"${SCRIPT_OUTPUT_FILE_0}\"\n";
			showEnvVarsInLog = 0;
		};
/* End PBXShellScriptBuildPhase section */

/* Begin PBXSourcesBuildPhase section */
		6003F586195388D20070C39A /* Sources */ = {
			isa = PBXSourcesBuildPhase;
			buildActionMask = 2147483647;
			files = (
				6003F59E195388D20070C39A /* FMAppDelegate.m in Sources */,
				C3973878248F705000A7A2C2 /* FMCollViewController.m in Sources */,
				6003F5A7195388D20070C39A /* FMViewController.m in Sources */,
				C385261024AC6AAE00386DBB /* FMFPSLabel.m in Sources */,
				C397387D248F705000A7A2C2 /* FMLayoutLabel.m in Sources */,
				C34E98532497ABE600E8EC44 /* FMHorizontalLayoutController.m in Sources */,
				C397387B248F705000A7A2C2 /* FMExcuteTimeTool.m in Sources */,
				C397387A248F705000A7A2C2 /* FMCollectionNavTitleView.m in Sources */,
				C399E9A324AEC11D00353B76 /* FMAotuSizeReusableView.m in Sources */,
				C397387E248F705000A7A2C2 /* LS_HomeActivityCell.m in Sources */,
				C34E984F2497A9ED00E8EC44 /* FMCollectionViewCell.m in Sources */,
				6003F59A195388D20070C39A /* main.m in Sources */,
				C397387C248F705000A7A2C2 /* FMCollectionCustomCell.m in Sources */,
				C3973877248F705000A7A2C2 /* FMCollectionCustomDecoration.m in Sources */,
				C3973879248F705000A7A2C2 /* FMAddViewController.m in Sources */,
			);
			runOnlyForDeploymentPostprocessing = 0;
		};
		6003F5AA195388D20070C39A /* Sources */ = {
			isa = PBXSourcesBuildPhase;
			buildActionMask = 2147483647;
			files = (
				6003F5BC195388D20070C39A /* Tests.m in Sources */,
			);
			runOnlyForDeploymentPostprocessing = 0;
		};
/* End PBXSourcesBuildPhase section */

/* Begin PBXTargetDependency section */
		6003F5B4195388D20070C39A /* PBXTargetDependency */ = {
			isa = PBXTargetDependency;
			target = 6003F589195388D20070C39A /* FMLayoutKit_Example */;
			targetProxy = 6003F5B3195388D20070C39A /* PBXContainerItemProxy */;
		};
/* End PBXTargetDependency section */

/* Begin PBXVariantGroup section */
		6003F596195388D20070C39A /* InfoPlist.strings */ = {
			isa = PBXVariantGroup;
			children = (
				6003F597195388D20070C39A /* en */,
			);
			name = InfoPlist.strings;
			sourceTree = "<group>";
		};
		6003F5B8195388D20070C39A /* InfoPlist.strings */ = {
			isa = PBXVariantGroup;
			children = (
				6003F5B9195388D20070C39A /* en */,
			);
			name = InfoPlist.strings;
			sourceTree = "<group>";
		};
		71719F9D1E33DC2100824A3D /* LaunchScreen.storyboard */ = {
			isa = PBXVariantGroup;
			children = (
				71719F9E1E33DC2100824A3D /* Base */,
			);
			name = LaunchScreen.storyboard;
			sourceTree = "<group>";
		};
/* End PBXVariantGroup section */

/* Begin XCBuildConfiguration section */
		6003F5BD195388D20070C39A /* Debug */ = {
			isa = XCBuildConfiguration;
			buildSettings = {
				ALWAYS_SEARCH_USER_PATHS = NO;
				CLANG_CXX_LANGUAGE_STANDARD = "gnu++0x";
				CLANG_CXX_LIBRARY = "libc++";
				CLANG_ENABLE_MODULES = YES;
				CLANG_ENABLE_OBJC_ARC = YES;
				CLANG_WARN_BOOL_CONVERSION = YES;
				CLANG_WARN_CONSTANT_CONVERSION = YES;
				CLANG_WARN_DIRECT_OBJC_ISA_USAGE = YES_ERROR;
				CLANG_WARN_EMPTY_BODY = YES;
				CLANG_WARN_ENUM_CONVERSION = YES;
				CLANG_WARN_INT_CONVERSION = YES;
				CLANG_WARN_OBJC_ROOT_CLASS = YES_ERROR;
				CLANG_WARN__DUPLICATE_METHOD_MATCH = YES;
				"CODE_SIGN_IDENTITY[sdk=iphoneos*]" = "iPhone Developer";
				COPY_PHASE_STRIP = NO;
				ENABLE_TESTABILITY = YES;
				GCC_C_LANGUAGE_STANDARD = gnu99;
				GCC_DYNAMIC_NO_PIC = NO;
				GCC_OPTIMIZATION_LEVEL = 0;
				GCC_PREPROCESSOR_DEFINITIONS = (
					"DEBUG=1",
					"$(inherited)",
				);
				GCC_SYMBOLS_PRIVATE_EXTERN = NO;
				GCC_WARN_64_TO_32_BIT_CONVERSION = YES;
				GCC_WARN_ABOUT_RETURN_TYPE = YES_ERROR;
				GCC_WARN_UNDECLARED_SELECTOR = YES;
				GCC_WARN_UNINITIALIZED_AUTOS = YES_AGGRESSIVE;
				GCC_WARN_UNUSED_FUNCTION = YES;
				GCC_WARN_UNUSED_VARIABLE = YES;
				IPHONEOS_DEPLOYMENT_TARGET = 9.3;
				ONLY_ACTIVE_ARCH = YES;
				SDKROOT = iphoneos;
				TARGETED_DEVICE_FAMILY = "1,2";
			};
			name = Debug;
		};
		6003F5BE195388D20070C39A /* Release */ = {
			isa = XCBuildConfiguration;
			buildSettings = {
				ALWAYS_SEARCH_USER_PATHS = NO;
				CLANG_CXX_LANGUAGE_STANDARD = "gnu++0x";
				CLANG_CXX_LIBRARY = "libc++";
				CLANG_ENABLE_MODULES = YES;
				CLANG_ENABLE_OBJC_ARC = YES;
				CLANG_WARN_BOOL_CONVERSION = YES;
				CLANG_WARN_CONSTANT_CONVERSION = YES;
				CLANG_WARN_DIRECT_OBJC_ISA_USAGE = YES_ERROR;
				CLANG_WARN_EMPTY_BODY = YES;
				CLANG_WARN_ENUM_CONVERSION = YES;
				CLANG_WARN_INT_CONVERSION = YES;
				CLANG_WARN_OBJC_ROOT_CLASS = YES_ERROR;
				CLANG_WARN__DUPLICATE_METHOD_MATCH = YES;
				"CODE_SIGN_IDENTITY[sdk=iphoneos*]" = "iPhone Developer";
				COPY_PHASE_STRIP = YES;
				ENABLE_NS_ASSERTIONS = NO;
				GCC_C_LANGUAGE_STANDARD = gnu99;
				GCC_WARN_64_TO_32_BIT_CONVERSION = YES;
				GCC_WARN_ABOUT_RETURN_TYPE = YES_ERROR;
				GCC_WARN_UNDECLARED_SELECTOR = YES;
				GCC_WARN_UNINITIALIZED_AUTOS = YES_AGGRESSIVE;
				GCC_WARN_UNUSED_FUNCTION = YES;
				GCC_WARN_UNUSED_VARIABLE = YES;
				IPHONEOS_DEPLOYMENT_TARGET = 9.3;
				SDKROOT = iphoneos;
				TARGETED_DEVICE_FAMILY = "1,2";
				VALIDATE_PRODUCT = YES;
			};
			name = Release;
		};
		6003F5C0195388D20070C39A /* Debug */ = {
			isa = XCBuildConfiguration;
			baseConfigurationReference = 0C1C4C8575B73D703C9D0B5D /* Pods-FMLayoutKit_Example.debug.xcconfig */;
			buildSettings = {
				ASSETCATALOG_COMPILER_APPICON_NAME = AppIcon;
				DEVELOPMENT_TEAM = T82JQ7P486;
				GCC_PRECOMPILE_PREFIX_HEADER = YES;
				GCC_PREFIX_HEADER = "FMLayoutKit/FMLayoutKit-Prefix.pch";
				GCC_PREPROCESSOR_DEFINITIONS = (
					"$(inherited)",
					"COCOAPODS=1",
				);
				INFOPLIST_FILE = "FMLayoutKit/FMLayoutKit-Info.plist";
				MODULE_NAME = ExampleApp;
				PRODUCT_BUNDLE_IDENTIFIER = "org.cocoapods.demo.${PRODUCT_NAME:rfc1034identifier}";
				PRODUCT_NAME = FMLayoutKit;
				SWIFT_VERSION = 4.0;
				WRAPPER_EXTENSION = app;
			};
			name = Debug;
		};
		6003F5C1195388D20070C39A /* Release */ = {
			isa = XCBuildConfiguration;
			baseConfigurationReference = 17F812EE8B554502C8DA01FA /* Pods-FMLayoutKit_Example.release.xcconfig */;
			buildSettings = {
				ASSETCATALOG_COMPILER_APPICON_NAME = AppIcon;
				DEVELOPMENT_TEAM = T82JQ7P486;
				GCC_PRECOMPILE_PREFIX_HEADER = YES;
				GCC_PREFIX_HEADER = "FMLayoutKit/FMLayoutKit-Prefix.pch";
				INFOPLIST_FILE = "FMLayoutKit/FMLayoutKit-Info.plist";
				MODULE_NAME = ExampleApp;
				PRODUCT_BUNDLE_IDENTIFIER = "org.cocoapods.demo.${PRODUCT_NAME:rfc1034identifier}";
				PRODUCT_NAME = FMLayoutKit;
				SWIFT_VERSION = 4.0;
				WRAPPER_EXTENSION = app;
			};
			name = Release;
		};
		6003F5C3195388D20070C39A /* Debug */ = {
			isa = XCBuildConfiguration;
			baseConfigurationReference = 4ECA8A4093CF864F4FA6C5CA /* Pods-FMLayoutKit_Tests.debug.xcconfig */;
			buildSettings = {
				BUNDLE_LOADER = "$(TEST_HOST)";
				FRAMEWORK_SEARCH_PATHS = (
					"$(PLATFORM_DIR)/Developer/Library/Frameworks",
					"$(inherited)",
					"$(DEVELOPER_FRAMEWORKS_DIR)",
				);
				GCC_PRECOMPILE_PREFIX_HEADER = YES;
				GCC_PREFIX_HEADER = "Tests/Tests-Prefix.pch";
				GCC_PREPROCESSOR_DEFINITIONS = (
					"DEBUG=1",
					"$(inherited)",
				);
				INFOPLIST_FILE = "Tests/Tests-Info.plist";
				PRODUCT_BUNDLE_IDENTIFIER = "org.cocoapods.demo.${PRODUCT_NAME:rfc1034identifier}";
				PRODUCT_NAME = "$(TARGET_NAME)";
				SWIFT_VERSION = 4.0;
				TEST_HOST = "$(BUILT_PRODUCTS_DIR)/FMLayoutKit_Example.app/FMLayoutKit_Example";
				WRAPPER_EXTENSION = xctest;
			};
			name = Debug;
		};
		6003F5C4195388D20070C39A /* Release */ = {
			isa = XCBuildConfiguration;
			baseConfigurationReference = A8EFB03ECBAF6C997935840C /* Pods-FMLayoutKit_Tests.release.xcconfig */;
			buildSettings = {
				BUNDLE_LOADER = "$(TEST_HOST)";
				FRAMEWORK_SEARCH_PATHS = (
					"$(PLATFORM_DIR)/Developer/Library/Frameworks",
					"$(inherited)",
					"$(DEVELOPER_FRAMEWORKS_DIR)",
				);
				GCC_PRECOMPILE_PREFIX_HEADER = YES;
				GCC_PREFIX_HEADER = "Tests/Tests-Prefix.pch";
				INFOPLIST_FILE = "Tests/Tests-Info.plist";
				PRODUCT_BUNDLE_IDENTIFIER = "org.cocoapods.demo.${PRODUCT_NAME:rfc1034identifier}";
				PRODUCT_NAME = "$(TARGET_NAME)";
				SWIFT_VERSION = 4.0;
				TEST_HOST = "$(BUILT_PRODUCTS_DIR)/FMLayoutKit_Example.app/FMLayoutKit_Example";
				WRAPPER_EXTENSION = xctest;
			};
			name = Release;
		};
/* End XCBuildConfiguration section */

/* Begin XCConfigurationList section */
		6003F585195388D10070C39A /* Build configuration list for PBXProject "FMLayoutKit" */ = {
			isa = XCConfigurationList;
			buildConfigurations = (
				6003F5BD195388D20070C39A /* Debug */,
				6003F5BE195388D20070C39A /* Release */,
			);
			defaultConfigurationIsVisible = 0;
			defaultConfigurationName = Release;
		};
		6003F5BF195388D20070C39A /* Build configuration list for PBXNativeTarget "FMLayoutKit_Example" */ = {
			isa = XCConfigurationList;
			buildConfigurations = (
				6003F5C0195388D20070C39A /* Debug */,
				6003F5C1195388D20070C39A /* Release */,
			);
			defaultConfigurationIsVisible = 0;
			defaultConfigurationName = Release;
		};
		6003F5C2195388D20070C39A /* Build configuration list for PBXNativeTarget "FMLayoutKit_Tests" */ = {
			isa = XCConfigurationList;
			buildConfigurations = (
				6003F5C3195388D20070C39A /* Debug */,
				6003F5C4195388D20070C39A /* Release */,
			);
			defaultConfigurationIsVisible = 0;
			defaultConfigurationName = Release;
		};
/* End XCConfigurationList section */
	};
	rootObject = 6003F582195388D10070C39A /* Project object */;
}
